{
  "object": {
    "pins": [
      {
        "package": "AxisSpacing",
        "repositoryURL": "https://github.com/RickStreet/AxisSpacing.git",
        "state": {
          "branch": null,
          "revision": "3bee551a68d4f23d41f30c12f2dfa60eddc3cb87",
          "version": "1.1.1"
        }
      },
      {
        "package": "DoubleKit",
        "repositoryURL": "https://github.com/RickStreet/DoubleKit.git",
        "state": {
          "branch": null,
          "revision": "3c94b6220a172910ae974b773859126beefeb926",
          "version": "1.0.8"
        }
      },
      {
        "package": "NSStringKit",
        "repositoryURL": "https://github.com/RickStreet/NSStringKit.git",
        "state": {
          "branch": null,
          "revision": "827b8a5a8a48d217a1eaf5f1e9a58858d33d0cd8",
          "version": "1.0.23"
        }
      },
      {
        "package": "NSViewMode",
        "repositoryURL": "https://github.com/RickStreet/NSViewMode",
        "state": {
          "branch": null,
          "revision": "520829acf28a1c4420996f309825c8c3a3c83913",
          "version": "1.0.5"
        }
      },
      {
        "package": "StringKit",
        "repositoryURL": "https://github.com/RickStreet/StringKit.git",
        "state": {
          "branch": null,
          "revision": "b4205f72b24552d057e32a12891198b5ad85f5fe",
          "version": "1.0.52"
        }
      }
    ]
  },
  "version": 1
}
