{
  "object": {
    "pins": [
      {
        "package": "DoubleKit",
        "repositoryURL": "https://github.com/RickStreet/DoubleKit.git",
        "state": {
          "branch": null,
          "revision": "4f74057aec64b4ef8a4aa9bc0cc564f7a0b2d14d",
          "version": "1.0.6"
        }
      },
      {
        "package": "StringKit",
        "repositoryURL": "https://github.com/RickStreet/StringKit.git",
        "state": {
          "branch": null,
          "revision": "fe4bbab8d4154039d93ac0bb0335cbb2e55626df",
          "version": "1.0.30"
        }
      }
    ]
  },
  "version": 1
}
