{
  "object": {
    "pins": [
      {
        "package": "AxisSpacing",
        "repositoryURL": "https://github.com/RickStreet/AxisSpacing.git",
        "state": {
          "branch": null,
          "revision": "3bee551a68d4f23d41f30c12f2dfa60eddc3cb87",
          "version": "1.1.1"
        }
      },
      {
        "package": "DoubleKit",
        "repositoryURL": "https://github.com/RickStreet/DoubleKit.git",
        "state": {
          "branch": null,
          "revision": "3c94b6220a172910ae974b773859126beefeb926",
          "version": "1.0.8"
        }
      },
      {
        "package": "NSStringKit",
        "repositoryURL": "https://github.com/RickStreet/NSStringKit.git",
        "state": {
          "branch": null,
          "revision": "73a2c1af6943e8401ea06813147e140d7cc0b3e7",
          "version": "1.0.35"
        }
      },
      {
        "package": "NSViewMode",
        "repositoryURL": "https://github.com/RickStreet/NSViewMode",
        "state": {
          "branch": null,
          "revision": "520829acf28a1c4420996f309825c8c3a3c83913",
          "version": "1.0.5"
        }
      },
      {
        "package": "StringKit",
        "repositoryURL": "https://github.com/RickStreet/StringKit.git",
        "state": {
          "branch": null,
          "revision": "8d16a302e5f50b6bf6b7a9bafb47072bcb719dc8",
          "version": "1.0.65"
        }
      }
    ]
  },
  "version": 1
}
